# THIS IS AN AUTOGENERATED FILE. DO NOT EDIT THIS FILE DIRECTLY.
# yarn lockfile v1


webidl2@^23.13.0:
  version "23.13.0"
  resolved "https://registry.yarnpkg.com/webidl2/-/webidl2-23.13.0.tgz#1f3766e52429a129d407867dd43ad2c9e6fa9040"
  integrity sha512-YfBvnpujLVLZ1zKP/aZO1XOtFhMUMFSnXjp88Q4iTMC/i1MUiv7YWq45SN8DrPHCjmnXhzjBouG0tJKg/+o0lg==
