
Microsoft Visual Studio Solution File, Format Version 9.00
# Visual Studio 2005
Project("{FAE04EC0-301F-11D3-BF4B-00C04F79EFBC}") = "Mono.VisualC.Code", "Mono.VisualC.Code.csproj", "{A22BF9D9-BBCB-4462-BE08-0F4D5280B180}"
EndProject
Global
	GlobalSection(SolutionConfigurationPlatforms) = preSolution
		Debug|Any CPU = Debug|Any CPU
		Release|Any CPU = Release|Any CPU
	EndGlobalSection
	GlobalSection(ProjectConfigurationPlatforms) = postSolution
		{A22BF9D9-BBCB-4462-BE08-0F4D5280B180}.Debug|Any CPU.ActiveCfg = Debug|Any CPU
		{A22BF9D9-BBCB-4462-BE08-0F4D5280B180}.Debug|Any CPU.Build.0 = Debug|Any CPU
		{A22BF9D9-BBCB-4462-BE08-0F4D5280B180}.Release|Any CPU.ActiveCfg = Release|Any CPU
		{A22BF9D9-BBCB-4462-BE08-0F4D5280B180}.Release|Any CPU.Build.0 = Release|Any CPU
	EndGlobalSection
	GlobalSection(MonoDevelopProperties) = preSolution
		StartupItem = Mono.VisualC.Code.csproj
	EndGlobalSection
EndGlobal
